
Microsoft Visual Studio Solution File, Format Version 12.00
# Visual Studio Version 17
VisualStudioVersion = 17.8.34330.188
MinimumVisualStudioVersion = 10.0.40219.1
Project("{9A19103F-16F7-4668-BE54-9A1E7A4F7556}") = "FuelAccounting.Context.Contracts", "FuelAccounting\FuelAccounting.Context.Contracts.csproj", "{A346CE7D-4B9E-4C10-870E-289570781098}"
EndProject
Project("{9A19103F-16F7-4668-BE54-9A1E7A4F7556}") = "FuelAccounting.Common.Entity", "FuelAccounting.Common.Entity\FuelAccounting.Common.Entity.csproj", "{42482F66-4B19-4A7E-BBC7-F90A1C83E62A}"
EndProject
Project("{9A19103F-16F7-4668-BE54-9A1E7A4F7556}") = "FuelAccounting.Context.Configuration", "FuelAccounting.Context.Configuration\FuelAccounting.Context.Configuration.csproj", "{57C35221-0706-41FC-8BFB-31004400D5BA}"
EndProject
Project("{FAE04EC0-301F-11D3-BF4B-00C04F79EFBC}") = "FuelAccounting.Context", "FuelAccounting.Context\FuelAccounting.Context.csproj", "{028F4192-7B31-41AE-909B-211ED2A3F470}"
EndProject
Project("{FAE04EC0-301F-11D3-BF4B-00C04F79EFBC}") = "FuelAccounting.Common", "FuelAccounting.Common\FuelAccounting.Common.csproj", "{0AC14196-6FBE-44CD-B48A-885C80016DF6}"
EndProject
Global
	GlobalSection(SolutionConfigurationPlatforms) = preSolution
		Debug|Any CPU = Debug|Any CPU
		Release|Any CPU = Release|Any CPU
	EndGlobalSection
	GlobalSection(ProjectConfigurationPlatforms) = postSolution
		{A346CE7D-4B9E-4C10-870E-289570781098}.Debug|Any CPU.ActiveCfg = Debug|Any CPU
		{A346CE7D-4B9E-4C10-870E-289570781098}.Debug|Any CPU.Build.0 = Debug|Any CPU
		{A346CE7D-4B9E-4C10-870E-289570781098}.Release|Any CPU.ActiveCfg = Release|Any CPU
		{A346CE7D-4B9E-4C10-870E-289570781098}.Release|Any CPU.Build.0 = Release|Any CPU
		{42482F66-4B19-4A7E-BBC7-F90A1C83E62A}.Debug|Any CPU.ActiveCfg = Debug|Any CPU
		{42482F66-4B19-4A7E-BBC7-F90A1C83E62A}.Debug|Any CPU.Build.0 = Debug|Any CPU
		{42482F66-4B19-4A7E-BBC7-F90A1C83E62A}.Release|Any CPU.ActiveCfg = Release|Any CPU
		{42482F66-4B19-4A7E-BBC7-F90A1C83E62A}.Release|Any CPU.Build.0 = Release|Any CPU
		{57C35221-0706-41FC-8BFB-31004400D5BA}.Debug|Any CPU.ActiveCfg = Debug|Any CPU
		{57C35221-0706-41FC-8BFB-31004400D5BA}.Debug|Any CPU.Build.0 = Debug|Any CPU
		{57C35221-0706-41FC-8BFB-31004400D5BA}.Release|Any CPU.ActiveCfg = Release|Any CPU
		{57C35221-0706-41FC-8BFB-31004400D5BA}.Release|Any CPU.Build.0 = Release|Any CPU
		{028F4192-7B31-41AE-909B-211ED2A3F470}.Debug|Any CPU.ActiveCfg = Debug|Any CPU
		{028F4192-7B31-41AE-909B-211ED2A3F470}.Debug|Any CPU.Build.0 = Debug|Any CPU
		{028F4192-7B31-41AE-909B-211ED2A3F470}.Release|Any CPU.ActiveCfg = Release|Any CPU
		{028F4192-7B31-41AE-909B-211ED2A3F470}.Release|Any CPU.Build.0 = Release|Any CPU
		{0AC14196-6FBE-44CD-B48A-885C80016DF6}.Debug|Any CPU.ActiveCfg = Debug|Any CPU
		{0AC14196-6FBE-44CD-B48A-885C80016DF6}.Debug|Any CPU.Build.0 = Debug|Any CPU
		{0AC14196-6FBE-44CD-B48A-885C80016DF6}.Release|Any CPU.ActiveCfg = Release|Any CPU
		{0AC14196-6FBE-44CD-B48A-885C80016DF6}.Release|Any CPU.Build.0 = Release|Any CPU
	EndGlobalSection
	GlobalSection(SolutionProperties) = preSolution
		HideSolutionNode = FALSE
	EndGlobalSection
	GlobalSection(ExtensibilityGlobals) = postSolution
		SolutionGuid = {923B8B32-B23D-4C74-A72B-F02A7158E803}
	EndGlobalSection
EndGlobal
